
Microsoft Visual Studio Solution File, Format Version 12.00
# Visual Studio Version 16
VisualStudioVersion = 16.0.29215.179
MinimumVisualStudioVersion = 10.0.40219.1
Project("{E24C65DC-7377-472B-9ABA-BC803B73C61A}") = "MohammadRamezani", "MohammadRamezani\", "{9BA3CE78-A3A7-4B56-B2CB-B67BEF406F52}"
	ProjectSection(WebsiteProperties) = preProject
		TargetFrameworkMoniker = ".NETFramework,Version%3Dv4.6.1"
		Debug.AspNetCompiler.VirtualPath = "/localhost_64256"
		Debug.AspNetCompiler.PhysicalPath = "MohammadRamezani\"
		Debug.AspNetCompiler.TargetPath = "PrecompiledWeb\localhost_64256\"
		Debug.AspNetCompiler.Updateable = "true"
		Debug.AspNetCompiler.ForceOverwrite = "true"
		Debug.AspNetCompiler.FixedNames = "false"
		Debug.AspNetCompiler.Debug = "True"
		Release.AspNetCompiler.VirtualPath = "/localhost_64256"
		Release.AspNetCompiler.PhysicalPath = "MohammadRamezani\"
		Release.AspNetCompiler.TargetPath = "PrecompiledWeb\localhost_64256\"
		Release.AspNetCompiler.Updateable = "true"
		Release.AspNetCompiler.ForceOverwrite = "true"
		Release.AspNetCompiler.FixedNames = "false"
		Release.AspNetCompiler.Debug = "False"
		VWDPort = "64256"
	EndProjectSection
EndProject
Global
	GlobalSection(SolutionConfigurationPlatforms) = preSolution
		Debug|Any CPU = Debug|Any CPU
	EndGlobalSection
	GlobalSection(ProjectConfigurationPlatforms) = postSolution
		{9BA3CE78-A3A7-4B56-B2CB-B67BEF406F52}.Debug|Any CPU.ActiveCfg = Debug|Any CPU
		{9BA3CE78-A3A7-4B56-B2CB-B67BEF406F52}.Debug|Any CPU.Build.0 = Debug|Any CPU
	EndGlobalSection
	GlobalSection(SolutionProperties) = preSolution
		HideSolutionNode = FALSE
	EndGlobalSection
	GlobalSection(ExtensibilityGlobals) = postSolution
		SolutionGuid = {FB06D42E-D187-45C3-9225-AC10011B98BD}
	EndGlobalSection
EndGlobal
