
Microsoft Visual Studio Solution File, Format Version 12.00
# Visual Studio Version 16
VisualStudioVersion = 16.0.29215.179
MinimumVisualStudioVersion = 10.0.40219.1
Project("{E24C65DC-7377-472B-9ABA-BC803B73C61A}") = "mohammadramezani-", "..\mohammadramezani-\", "{FDC720DD-0899-4920-A4D7-87192E4749E4}"
	ProjectSection(WebsiteProperties) = preProject
		TargetFrameworkMoniker = ".NETFramework,Version%3Dv4.6.1"
		Debug.AspNetCompiler.VirtualPath = "/localhost_64182"
		Debug.AspNetCompiler.PhysicalPath = "..\mohammadramezani-\"
		Debug.AspNetCompiler.TargetPath = "PrecompiledWeb\localhost_64182\"
		Debug.AspNetCompiler.Updateable = "true"
		Debug.AspNetCompiler.ForceOverwrite = "true"
		Debug.AspNetCompiler.FixedNames = "false"
		Debug.AspNetCompiler.Debug = "True"
		Release.AspNetCompiler.VirtualPath = "/localhost_64182"
		Release.AspNetCompiler.PhysicalPath = "..\mohammadramezani-\"
		Release.AspNetCompiler.TargetPath = "PrecompiledWeb\localhost_64182\"
		Release.AspNetCompiler.Updateable = "true"
		Release.AspNetCompiler.ForceOverwrite = "true"
		Release.AspNetCompiler.FixedNames = "false"
		Release.AspNetCompiler.Debug = "False"
		VWDPort = "64182"
		SlnRelativePath = "..\mohammadramezani-\"
	EndProjectSection
EndProject
Global
	GlobalSection(SolutionConfigurationPlatforms) = preSolution
		Debug|Any CPU = Debug|Any CPU
	EndGlobalSection
	GlobalSection(ProjectConfigurationPlatforms) = postSolution
		{FDC720DD-0899-4920-A4D7-87192E4749E4}.Debug|Any CPU.ActiveCfg = Debug|Any CPU
		{FDC720DD-0899-4920-A4D7-87192E4749E4}.Debug|Any CPU.Build.0 = Debug|Any CPU
	EndGlobalSection
	GlobalSection(SolutionProperties) = preSolution
		HideSolutionNode = FALSE
	EndGlobalSection
	GlobalSection(ExtensibilityGlobals) = postSolution
		SolutionGuid = {FB06D42E-D187-45C3-9225-AC10011B98BD}
	EndGlobalSection
EndGlobal
